<?xml version="1.0" encoding="utf-8"?>
<Project ToolsVersion="4.0" xmlns="http://schemas.microsoft.com/developer/msbuild/2003">
  <ItemGroup>
    <Filter Include="Driver Files">
      <UniqueIdentifier>{8E41214B-6785-4CFE-B992-037D68949A14}</UniqueIdentifier>
      <Extensions>inf;inv;inx;mof;mc;</Extensions>
    </Filter>
    <Filter Include="Utils">
      <UniqueIdentifier>{93995380-89BD-4b04-88EB-625FBE52EBFB}</UniqueIdentifier>
      <Extensions>h;hpp;hxx;hm;inl;inc;xsd</Extensions>
    </Filter>
    <Filter Include="EdrDrv">
      <UniqueIdentifier>{5f3da0df-c982-4495-8aff-060dfa67d34d}</UniqueIdentifier>
    </Filter>
    <Filter Include="Utils\CustomKernelLib">
      <UniqueIdentifier>{4148129b-557c-4576-a807-50ffedc0c98d}</UniqueIdentifier>
    </Filter>
    <Filter Include="Utils\KernelLogger">
      <UniqueIdentifier>{20a17b75-8d61-4f4e-9c55-098cf8aaed04}</UniqueIdentifier>
    </Filter>
    <Filter Include="EdrDrv\Common">
      <UniqueIdentifier>{58fe06c6-c808-40cd-b688-39023106ddd4}</UniqueIdentifier>
    </Filter>
    <Filter Include="EdrDrv\Ioctl">
      <UniqueIdentifier>{9773c6cf-2644-4c6a-8676-70ad707a7816}</UniqueIdentifier>
    </Filter>
  </ItemGroup>
  <ItemGroup>
    <ClInclude Include="AnbsProcess.h">
      <Filter>EdrDrv</Filter>
    </ClInclude>
    <ClInclude Include="AnbsList.h">
      <Filter>Utils\CustomKernelLib</Filter>
    </ClInclude>
    <ClInclude Include="AnbsNew.h">
      <Filter>Utils\CustomKernelLib</Filter>
    </ClInclude>
    <ClInclude Include="AnubisDrv.h">
      <Filter>EdrDrv</Filter>
    </ClInclude>
    <ClInclude Include="..\AnubisAgent\KernLogger.h">
      <Filter>Utils\KernelLogger</Filter>
    </ClInclude>
    <ClInclude Include="AnbsCommons.h">
      <Filter>EdrDrv\Common</Filter>
    </ClInclude>
    <ClInclude Include="IoctlCodes.h">
      <Filter>EdrDrv\Common</Filter>
    </ClInclude>
    <ClInclude Include="Ioctl.h">
      <Filter>EdrDrv\Ioctl</Filter>
    </ClInclude>
  </ItemGroup>
  <ItemGroup>
    <ClCompile Include="AnubisDrv.cpp">
      <Filter>EdrDrv</Filter>
    </ClCompile>
    <ClCompile Include="AnbsNew.cpp">
      <Filter>Utils\CustomKernelLib</Filter>
    </ClCompile>
    <ClCompile Include="..\AnubisAgent\KernLogger.cpp">
      <Filter>Utils\KernelLogger</Filter>
    </ClCompile>
    <ClCompile Include="Ioctl.cpp">
      <Filter>EdrDrv\Ioctl</Filter>
    </ClCompile>
  </ItemGroup>
</Project>