
Microsoft Visual Studio Solution File, Format Version 12.00
# Visual Studio Version 17
VisualStudioVersion = 17.11.35005.142
MinimumVisualStudioVersion = 10.0.40219.1
Project("{8BC9CEB8-8B4A-11D0-8D11-00A0C91BC942}") = "WindowsApiHookDll", "WindowsApiHookDll.vcxproj", "{1CE95212-FE95-44BE-8E52-686C8DE22CEC}"
EndProject
Project("{8BC9CEB8-8B4A-11D0-8D11-00A0C91BC942}") = "EdrDrv", "..\EdrDrv\EdrDrv.vcxproj", "{CA2C3521-2F8C-4B98-84B0-02345A1E4F9E}"
EndProject
Global
	GlobalSection(SolutionConfigurationPlatforms) = preSolution
		Debug|ARM64 = Debug|ARM64
		Debug|x64 = Debug|x64
		Debug|x86 = Debug|x86
		Release|ARM64 = Release|ARM64
		Release|x64 = Release|x64
		Release|x86 = Release|x86
	EndGlobalSection
	GlobalSection(ProjectConfigurationPlatforms) = postSolution
		{1CE95212-FE95-44BE-8E52-686C8DE22CEC}.Debug|ARM64.ActiveCfg = Debug|x64
		{1CE95212-FE95-44BE-8E52-686C8DE22CEC}.Debug|ARM64.Build.0 = Debug|x64
		{1CE95212-FE95-44BE-8E52-686C8DE22CEC}.Debug|x64.ActiveCfg = Debug|x64
		{1CE95212-FE95-44BE-8E52-686C8DE22CEC}.Debug|x64.Build.0 = Debug|x64
		{1CE95212-FE95-44BE-8E52-686C8DE22CEC}.Debug|x86.ActiveCfg = Debug|Win32
		{1CE95212-FE95-44BE-8E52-686C8DE22CEC}.Debug|x86.Build.0 = Debug|Win32
		{1CE95212-FE95-44BE-8E52-686C8DE22CEC}.Release|ARM64.ActiveCfg = Release|x64
		{1CE95212-FE95-44BE-8E52-686C8DE22CEC}.Release|ARM64.Build.0 = Release|x64
		{1CE95212-FE95-44BE-8E52-686C8DE22CEC}.Release|x64.ActiveCfg = Release|x64
		{1CE95212-FE95-44BE-8E52-686C8DE22CEC}.Release|x64.Build.0 = Release|x64
		{1CE95212-FE95-44BE-8E52-686C8DE22CEC}.Release|x86.ActiveCfg = Release|Win32
		{1CE95212-FE95-44BE-8E52-686C8DE22CEC}.Release|x86.Build.0 = Release|Win32
		{CA2C3521-2F8C-4B98-84B0-02345A1E4F9E}.Debug|ARM64.ActiveCfg = Debug|ARM64
		{CA2C3521-2F8C-4B98-84B0-02345A1E4F9E}.Debug|ARM64.Build.0 = Debug|ARM64
		{CA2C3521-2F8C-4B98-84B0-02345A1E4F9E}.Debug|ARM64.Deploy.0 = Debug|ARM64
		{CA2C3521-2F8C-4B98-84B0-02345A1E4F9E}.Debug|x64.ActiveCfg = Debug|x64
		{CA2C3521-2F8C-4B98-84B0-02345A1E4F9E}.Debug|x64.Build.0 = Debug|x64
		{CA2C3521-2F8C-4B98-84B0-02345A1E4F9E}.Debug|x64.Deploy.0 = Debug|x64
		{CA2C3521-2F8C-4B98-84B0-02345A1E4F9E}.Debug|x86.ActiveCfg = Debug|x64
		{CA2C3521-2F8C-4B98-84B0-02345A1E4F9E}.Debug|x86.Build.0 = Debug|x64
		{CA2C3521-2F8C-4B98-84B0-02345A1E4F9E}.Debug|x86.Deploy.0 = Debug|x64
		{CA2C3521-2F8C-4B98-84B0-02345A1E4F9E}.Release|ARM64.ActiveCfg = Release|ARM64
		{CA2C3521-2F8C-4B98-84B0-02345A1E4F9E}.Release|ARM64.Build.0 = Release|ARM64
		{CA2C3521-2F8C-4B98-84B0-02345A1E4F9E}.Release|ARM64.Deploy.0 = Release|ARM64
		{CA2C3521-2F8C-4B98-84B0-02345A1E4F9E}.Release|x64.ActiveCfg = Release|x64
		{CA2C3521-2F8C-4B98-84B0-02345A1E4F9E}.Release|x64.Build.0 = Release|x64
		{CA2C3521-2F8C-4B98-84B0-02345A1E4F9E}.Release|x64.Deploy.0 = Release|x64
		{CA2C3521-2F8C-4B98-84B0-02345A1E4F9E}.Release|x86.ActiveCfg = Release|x64
		{CA2C3521-2F8C-4B98-84B0-02345A1E4F9E}.Release|x86.Build.0 = Release|x64
		{CA2C3521-2F8C-4B98-84B0-02345A1E4F9E}.Release|x86.Deploy.0 = Release|x64
	EndGlobalSection
	GlobalSection(SolutionProperties) = preSolution
		HideSolutionNode = FALSE
	EndGlobalSection
	GlobalSection(ExtensibilityGlobals) = postSolution
		SolutionGuid = {9CCD0D49-6E8C-4FE9-8B1F-53FA20B176AE}
	EndGlobalSection
EndGlobal
